<?xml version="1.0" encoding="UTF-8"?>
<Scheme
   LastUpgradeVersion = "1240"
   version = "1.3">
   <BuildAction
      parallelizeBuildables = "YES"
      buildImplicitDependencies = "YES">
      <BuildActionEntries>
         <BuildActionEntry
            buildForTesting = "YES"
            buildForRunning = "YES"
            buildForProfiling = "YES"
            buildForArchiving = "YES"
            buildForAnalyzing = "YES">
            <BuildableReference
               BuildableIdentifier = "primary"
               BlueprintIdentifier = "781EB3E425DAD7EA00FEAA19"
               BuildableName = "OpenHaystack.app"
               BlueprintName = "OpenHaystack"
               ReferencedContainer = "container:OpenHaystack.xcodeproj">
            </BuildableReference>
         </BuildActionEntry>
      </BuildActionEntries>
   </BuildAction>
   <TestAction
      buildConfiguration = "Debug"
      selectedDebuggerIdentifier = "Xcode.DebuggerFoundation.Debugger.LLDB"
      selectedLauncherIdentifier = "Xcode.DebuggerFoundation.Launcher.LLDB"
      shouldUseLaunchSchemeArgsEnv = "YES">
      <Testables>
         <TestableReference
            skipped = "NO">
            <BuildableReference
               BuildableIdentifier = "primary"
               BlueprintIdentifier = "78EC226025DAE0BE0042B775"
               BuildableName = "OpenHaystackTests.xctest"
               BlueprintName = "OpenHaystackTests"
               ReferencedContainer = "container:OpenHaystack.xcodeproj">
            </BuildableReference>
            <SkippedTests>
               <Test
                  Identifier = "MicrocontrollerTests/testESP32Deploy()">
               </Test>
               <Test
                  Identifier = "MicrocontrollerTests/testFindESP32Port()">
               </Test>
               <Test
                  Identifier = "MicrocontrollerTests/testMicrobitDeploy()">
               </Test>
               <Test
                  Identifier = "OpenHaystackTests/testPluginInstallation()">
               </Test>
            </SkippedTests>
         </TestableReference>
      </Testables>
   </TestAction>
   <LaunchAction
      buildConfiguration = "Debug"
      selectedDebuggerIdentifier = "Xcode.DebuggerFoundation.Debugger.LLDB"
      selectedLauncherIdentifier = "Xcode.DebuggerFoundation.Launcher.LLDB"
      launchStyle = "0"
      useCustomWorkingDirectory = "NO"
      ignoresPersistentStateOnLaunch = "NO"
      debugDocumentVersioning = "YES"
      debugServiceExtension = "internal"
      allowLocationSimulation = "YES">
      <BuildableProductRunnable
         runnableDebuggingMode = "0">
         <BuildableReference
            BuildableIdentifier = "primary"
            BlueprintIdentifier = "781EB3E425DAD7EA00FEAA19"
            BuildableName = "OpenHaystack.app"
            BlueprintName = "OpenHaystack"
            ReferencedContainer = "container:OpenHaystack.xcodeproj">
         </BuildableReference>
      </BuildableProductRunnable>
   </LaunchAction>
   <ProfileAction
      buildConfiguration = "Release"
      shouldUseLaunchSchemeArgsEnv = "YES"
      savedToolIdentifier = ""
      useCustomWorkingDirectory = "NO"
      debugDocumentVersioning = "YES">
      <BuildableProductRunnable
         runnableDebuggingMode = "0">
         <BuildableReference
            BuildableIdentifier = "primary"
            BlueprintIdentifier = "781EB3E425DAD7EA00FEAA19"
            BuildableName = "OpenHaystack.app"
            BlueprintName = "OpenHaystack"
            ReferencedContainer = "container:OpenHaystack.xcodeproj">
         </BuildableReference>
      </BuildableProductRunnable>
   </ProfileAction>
   <AnalyzeAction
      buildConfiguration = "Debug">
   </AnalyzeAction>
   <ArchiveAction
      buildConfiguration = "Release"
      revealArchiveInOrganizer = "YES">
   </ArchiveAction>
</Scheme>
