{
  "object": {
    "pins": [
      {
        "package": "swift-crypto",
        "repositoryURL": "https://github.com/apple/swift-crypto.git",
        "state": {
          "branch": null,
          "revision": "3bea268b223651c4ab7b7b9ad62ef9b2d4143eb6",
          "version": "1.1.6"
        }
      },
      {
        "package": "swift-nio",
        "repositoryURL": "https://github.com/apple/swift-nio.git",
        "state": {
          "branch": null,
          "revision": "6aa9347d9bc5bbfe6a84983aec955c17ffea96ef",
          "version": "2.33.0"
        }
      },
      {
        "package": "swift-nio-ssl",
        "repositoryURL": "https://github.com/apple/swift-nio-ssl",
        "state": {
          "branch": null,
          "revision": "5e68c1ded15619bb281b273fa8c2d8fd7f7b2b7d",
          "version": "2.16.1"
        }
      }
    ]
  },
  "version": 1
}
